
Microsoft Visual Studio Solution File, Format Version 12.00
# Visual Studio Version 17
VisualStudioVersion = 17.2.32526.322
MinimumVisualStudioVersion = 10.0.40219.1
Project("{9A19103F-16F7-4668-BE54-9A1E7A4F7556}") = "ValidateRequestBody", "ValidateRequestBody\ValidateRequestBody.csproj", "{DC0827A4-29BF-4F5C-9117-D106BC18DA5E}"
EndProject
Project("{2150E333-8FDC-42A3-9474-1A3956D46DE8}") = "1. Validation", "1. Validation", "{549B1BD1-04F7-490C-A289-7536315812CA}"
EndProject
Project("{2150E333-8FDC-42A3-9474-1A3956D46DE8}") = "2. Authentication", "2. Authentication", "{F8F3FB02-474D-448F-848C-9CA465D5D856}"
EndProject
Project("{FAE04EC0-301F-11D3-BF4B-00C04F79EFBC}") = "ApiKeyViaActionFilter", "ApiKeyViaActionFilter\ApiKeyViaActionFilter.csproj", "{FA4BEBB8-C020-48D7-8D3F-8599D2612847}"
EndProject
Global
	GlobalSection(SolutionConfigurationPlatforms) = preSolution
		Debug|Any CPU = Debug|Any CPU
		Release|Any CPU = Release|Any CPU
	EndGlobalSection
	GlobalSection(ProjectConfigurationPlatforms) = postSolution
		{DC0827A4-29BF-4F5C-9117-D106BC18DA5E}.Debug|Any CPU.ActiveCfg = Debug|Any CPU
		{DC0827A4-29BF-4F5C-9117-D106BC18DA5E}.Debug|Any CPU.Build.0 = Debug|Any CPU
		{DC0827A4-29BF-4F5C-9117-D106BC18DA5E}.Release|Any CPU.ActiveCfg = Release|Any CPU
		{DC0827A4-29BF-4F5C-9117-D106BC18DA5E}.Release|Any CPU.Build.0 = Release|Any CPU
		{FA4BEBB8-C020-48D7-8D3F-8599D2612847}.Debug|Any CPU.ActiveCfg = Debug|Any CPU
		{FA4BEBB8-C020-48D7-8D3F-8599D2612847}.Debug|Any CPU.Build.0 = Debug|Any CPU
		{FA4BEBB8-C020-48D7-8D3F-8599D2612847}.Release|Any CPU.ActiveCfg = Release|Any CPU
		{FA4BEBB8-C020-48D7-8D3F-8599D2612847}.Release|Any CPU.Build.0 = Release|Any CPU
	EndGlobalSection
	GlobalSection(SolutionProperties) = preSolution
		HideSolutionNode = FALSE
	EndGlobalSection
	GlobalSection(NestedProjects) = preSolution
		{DC0827A4-29BF-4F5C-9117-D106BC18DA5E} = {549B1BD1-04F7-490C-A289-7536315812CA}
		{FA4BEBB8-C020-48D7-8D3F-8599D2612847} = {F8F3FB02-474D-448F-848C-9CA465D5D856}
	EndGlobalSection
	GlobalSection(ExtensibilityGlobals) = postSolution
		SolutionGuid = {1DDD6865-E080-49B6-8D26-9346849BD0B0}
	EndGlobalSection
EndGlobal
